PODS:
  - Alamofire (4.5.0)
  - AlamofireImage (3.2.0):
    - Alamofire (~> 4.1)
  - FLAnimatedImage (1.0.12)
  - MGSwipeTableCell (1.5.6)
  - NYTPhotoViewer (1.1.0):
    - NYTPhotoViewer/AnimatedGifSupport (= 1.1.0)
    - NYTPhotoViewer/Core (= 1.1.0)
  - NYTPhotoViewer/AnimatedGifSupport (1.1.0):
    - FLAnimatedImage (~> 1.0.8)
    - NYTPhotoViewer/Core
  - NYTPhotoViewer/Core (1.1.0)
  - RSKImageCropper (1.6.3)
  - SendBirdSDK (3.0.56)
  - TTTAttributedLabel (2.0.0)

DEPENDENCIES:
  - AlamofireImage
  - FLAnimatedImage (~> 1.0)
  - MGSwipeTableCell
  - NYTPhotoViewer (~> 1.1.0)
  - RSKImageCropper
  - SendBirdSDK (~> 3.0)
  - TTTAttributedLabel

SPEC CHECKSUMS:
  Alamofire: f28cdffd29de33a7bfa022cbd63ae95a27fae140
  AlamofireImage: 157ed682cc81d3b9db4fb90c1f12180ac552d93b
  FLAnimatedImage: 4a0b56255d9b05f18b6dd7ee06871be5d3b89e31
  MGSwipeTableCell: 616700eb0ffd1c611ba909066cb7fd739790a0a7
  NYTPhotoViewer: e80e8767f3780d2df37c6f72cbab15d6c7232911
  RSKImageCropper: 356e36fc58c57c371b5d8b23d603936d6a73df6c
  SendBirdSDK: ad6ba56ae6b751d98f7ee563c231d73b45b8ece1
  TTTAttributedLabel: 8cffe8e127e4e82ff3af1e5386d4cd0ad000b656

PODFILE CHECKSUM: 9cbb42b5354bc4dc8b079e49148c24287caf665f

COCOAPODS: 1.2.1
