PODS:
  - Alamofire (4.4.0)
  - AlamofireImage (3.2.0):
    - Alamofire (~> 4.1)
  - MGSwipeTableCell (1.5.6)
  - SendBirdSDK (3.0.43)

DEPENDENCIES:
  - AlamofireImage
  - MGSwipeTableCell
  - SendBirdSDK (~> 3.0)

SPEC CHECKSUMS:
  Alamofire: dc44b1600b800eb63da6a19039a0083d62a6a62d
  AlamofireImage: 157ed682cc81d3b9db4fb90c1f12180ac552d93b
  MGSwipeTableCell: 616700eb0ffd1c611ba909066cb7fd739790a0a7
  SendBirdSDK: bf982a11ca062139faba6fe90d5227b79dacbd70

PODFILE CHECKSUM: e67b73b2e4396b5801a5f1c1307bacc8c67e6a59

COCOAPODS: 1.1.1
