PODS:
  - AFNetworking (3.1.0):
    - AFNetworking/NSURLSession (= 3.1.0)
    - AFNetworking/Reachability (= 3.1.0)
    - AFNetworking/Security (= 3.1.0)
    - AFNetworking/Serialization (= 3.1.0)
    - AFNetworking/UIKit (= 3.1.0)
  - AFNetworking/NSURLSession (3.1.0):
    - AFNetworking/Reachability
    - AFNetworking/Security
    - AFNetworking/Serialization
  - AFNetworking/Reachability (3.1.0)
  - AFNetworking/Security (3.1.0)
  - AFNetworking/Serialization (3.1.0)
  - AFNetworking/UIKit (3.1.0):
    - AFNetworking/NSURLSession
  - JSQMessagesViewController (7.2.0):
    - AFNetworking (~> 3.1.0)
    - JSQSystemSoundPlayer (~> 2.0.1)
  - JSQSystemSoundPlayer (2.0.1)
  - SendBirdSDK (3.0.12)

DEPENDENCIES:
  - JSQMessagesViewController (from `https://github.com/smilefam/JSQMessagesViewController.git`)
  - SendBirdSDK

EXTERNAL SOURCES:
  JSQMessagesViewController:
    :git: https://github.com/smilefam/JSQMessagesViewController.git

CHECKOUT OPTIONS:
  JSQMessagesViewController:
    :commit: 6e312e8ce353cd860cc1eabba846752f4b142c53
    :git: https://github.com/smilefam/JSQMessagesViewController.git

SPEC CHECKSUMS:
  AFNetworking: 5e0e199f73d8626b11e79750991f5d173d1f8b67
  JSQMessagesViewController: 8395490ab8f984d4bb8d4dcd7dcdae2308c16f4c
  JSQSystemSoundPlayer: c5850e77a4363ffd374cd851154b9af93264ed8d
  SendBirdSDK: 7d93087136925e9e76f4fc4b836c3de4ffadaab9

PODFILE CHECKSUM: 7a509a5ba1095bfa4d819c8888f23ffc026528c1

COCOAPODS: 1.1.0.rc.2
